
Microsoft Visual Studio Solution File, Format Version 12.00
# Visual Studio Version 16
VisualStudioVersion = 16.0.31129.286
MinimumVisualStudioVersion = 10.0.40219.1
Project("{FAE04EC0-301F-11D3-BF4B-00C04F79EFBC}") = "Trabajo1", "Trabajo1\Trabajo1.csproj", "{A2296E42-9D07-40C7-87D0-9FB27EE97C92}"
EndProject
Global
	GlobalSection(SolutionConfigurationPlatforms) = preSolution
		Debug|Any CPU = Debug|Any CPU
		Release|Any CPU = Release|Any CPU
	EndGlobalSection
	GlobalSection(ProjectConfigurationPlatforms) = postSolution
		{A2296E42-9D07-40C7-87D0-9FB27EE97C92}.Debug|Any CPU.ActiveCfg = Debug|Any CPU
		{A2296E42-9D07-40C7-87D0-9FB27EE97C92}.Debug|Any CPU.Build.0 = Debug|Any CPU
		{A2296E42-9D07-40C7-87D0-9FB27EE97C92}.Release|Any CPU.ActiveCfg = Release|Any CPU
		{A2296E42-9D07-40C7-87D0-9FB27EE97C92}.Release|Any CPU.Build.0 = Release|Any CPU
	EndGlobalSection
	GlobalSection(SolutionProperties) = preSolution
		HideSolutionNode = FALSE
	EndGlobalSection
	GlobalSection(ExtensibilityGlobals) = postSolution
		SolutionGuid = {D1AD1DED-0301-4CDA-B933-EC63286A1595}
	EndGlobalSection
EndGlobal
